
Microsoft Visual Studio Solution File, Format Version 12.00
# Visual Studio Version 16
VisualStudioVersion = 16.0.30907.101
MinimumVisualStudioVersion = 10.0.40219.1
Project("{FAE04EC0-301F-11D3-BF4B-00C04F79EFBC}") = "Hamburger", "Hamburger\Hamburger.csproj", "{6B81D604-FB42-4E7B-9968-2212167299D9}"
EndProject
Project("{FAE04EC0-301F-11D3-BF4B-00C04F79EFBC}") = "Hamburger_Model", "Hamburger_Model\Hamburger_Model.csproj", "{6BD4756A-884D-47EC-B391-C81F5BE06D95}"
EndProject
Project("{FAE04EC0-301F-11D3-BF4B-00C04F79EFBC}") = "Hamburger_Core", "Hamburger_Core\Hamburger_Core.csproj", "{A2C1937A-24CD-45B4-9A1B-EC372D6D398B}"
EndProject
Project("{FAE04EC0-301F-11D3-BF4B-00C04F79EFBC}") = "Hamburger_Service", "Hamburger_Service\Hamburger_Service.csproj", "{971DE144-4FA8-45F1-865D-7516545D1956}"
EndProject
Global
	GlobalSection(SolutionConfigurationPlatforms) = preSolution
		Debug|Any CPU = Debug|Any CPU
		Release|Any CPU = Release|Any CPU
	EndGlobalSection
	GlobalSection(ProjectConfigurationPlatforms) = postSolution
		{6B81D604-FB42-4E7B-9968-2212167299D9}.Debug|Any CPU.ActiveCfg = Debug|Any CPU
		{6B81D604-FB42-4E7B-9968-2212167299D9}.Debug|Any CPU.Build.0 = Debug|Any CPU
		{6B81D604-FB42-4E7B-9968-2212167299D9}.Release|Any CPU.ActiveCfg = Release|Any CPU
		{6B81D604-FB42-4E7B-9968-2212167299D9}.Release|Any CPU.Build.0 = Release|Any CPU
		{6BD4756A-884D-47EC-B391-C81F5BE06D95}.Debug|Any CPU.ActiveCfg = Debug|Any CPU
		{6BD4756A-884D-47EC-B391-C81F5BE06D95}.Debug|Any CPU.Build.0 = Debug|Any CPU
		{6BD4756A-884D-47EC-B391-C81F5BE06D95}.Release|Any CPU.ActiveCfg = Release|Any CPU
		{6BD4756A-884D-47EC-B391-C81F5BE06D95}.Release|Any CPU.Build.0 = Release|Any CPU
		{A2C1937A-24CD-45B4-9A1B-EC372D6D398B}.Debug|Any CPU.ActiveCfg = Debug|Any CPU
		{A2C1937A-24CD-45B4-9A1B-EC372D6D398B}.Debug|Any CPU.Build.0 = Debug|Any CPU
		{A2C1937A-24CD-45B4-9A1B-EC372D6D398B}.Release|Any CPU.ActiveCfg = Release|Any CPU
		{A2C1937A-24CD-45B4-9A1B-EC372D6D398B}.Release|Any CPU.Build.0 = Release|Any CPU
		{971DE144-4FA8-45F1-865D-7516545D1956}.Debug|Any CPU.ActiveCfg = Debug|Any CPU
		{971DE144-4FA8-45F1-865D-7516545D1956}.Debug|Any CPU.Build.0 = Debug|Any CPU
		{971DE144-4FA8-45F1-865D-7516545D1956}.Release|Any CPU.ActiveCfg = Release|Any CPU
		{971DE144-4FA8-45F1-865D-7516545D1956}.Release|Any CPU.Build.0 = Release|Any CPU
	EndGlobalSection
	GlobalSection(SolutionProperties) = preSolution
		HideSolutionNode = FALSE
	EndGlobalSection
	GlobalSection(ExtensibilityGlobals) = postSolution
		SolutionGuid = {CF7868A7-852C-448E-919B-8CFED05CE878}
	EndGlobalSection
EndGlobal
